
Microsoft Visual Studio Solution File, Format Version 12.00
# Visual Studio Version 17
VisualStudioVersion = 17.1.32210.238
MinimumVisualStudioVersion = 10.0.40219.1
Project("{FAE04EC0-301F-11D3-BF4B-00C04F79EFBC}") = "ASPNETLive", "ASPNETLive.csproj", "{DE590BAB-95E9-4E39-962F-E106AF763685}"
EndProject
Global
	GlobalSection(SolutionConfigurationPlatforms) = preSolution
		Debug|Any CPU = Debug|Any CPU
		Release|Any CPU = Release|Any CPU
	EndGlobalSection
	GlobalSection(ProjectConfigurationPlatforms) = postSolution
		{DE590BAB-95E9-4E39-962F-E106AF763685}.Debug|Any CPU.ActiveCfg = Debug|Any CPU
		{DE590BAB-95E9-4E39-962F-E106AF763685}.Debug|Any CPU.Build.0 = Debug|Any CPU
		{DE590BAB-95E9-4E39-962F-E106AF763685}.Release|Any CPU.ActiveCfg = Release|Any CPU
		{DE590BAB-95E9-4E39-962F-E106AF763685}.Release|Any CPU.Build.0 = Release|Any CPU
	EndGlobalSection
	GlobalSection(SolutionProperties) = preSolution
		HideSolutionNode = FALSE
	EndGlobalSection
	GlobalSection(ExtensibilityGlobals) = postSolution
		SolutionGuid = {74A09644-147B-4B2D-BF7A-82F18079B0F5}
	EndGlobalSection
EndGlobal
